// !$*UTF8*$!
{
	archiveVersion = 1;
	classes = {
	};
	objectVersion = 50;
	objects = {

/* Begin PBXBuildFile section */
		18744B553F08F641036F63D7 /* Pods_favorite_moviesTests.framework in Frameworks */ = {isa = PBXBuildFile; fileRef = DB11E9B70DCEE64E556DB1B0 /* Pods_favorite_moviesTests.framework */; };
		53B7D95E219DE08400596DFD /* AppDelegate.swift in Sources */ = {isa = PBXBuildFile; fileRef = 53B7D95D219DE08400596DFD /* AppDelegate.swift */; };
		53B7D965219DE08500596DFD /* Assets.xcassets in Resources */ = {isa = PBXBuildFile; fileRef = 53B7D964219DE08500596DFD /* Assets.xcassets */; };
		53B7D968219DE08500596DFD /* LaunchScreen.storyboard in Resources */ = {isa = PBXBuildFile; fileRef = 53B7D966219DE08500596DFD /* LaunchScreen.storyboard */; };
		53B7D973219DE08500596DFD /* favorite_moviesTests.swift in Sources */ = {isa = PBXBuildFile; fileRef = 53B7D972219DE08500596DFD /* favorite_moviesTests.swift */; };
		53B7D97E219DE08500596DFD /* favorite_moviesUITests.swift in Sources */ = {isa = PBXBuildFile; fileRef = 53B7D97D219DE08500596DFD /* favorite_moviesUITests.swift */; };
		53B7D98F219DE30400596DFD /* MoviesSearchViewController.swift in Sources */ = {isa = PBXBuildFile; fileRef = 53B7D98E219DE30400596DFD /* MoviesSearchViewController.swift */; };
		53B7D991219DE31700596DFD /* MoviesSearchPresenter.swift in Sources */ = {isa = PBXBuildFile; fileRef = 53B7D990219DE31700596DFD /* MoviesSearchPresenter.swift */; };
		53B7D993219DE32400596DFD /* MoviesSearchContract.swift in Sources */ = {isa = PBXBuildFile; fileRef = 53B7D992219DE32400596DFD /* MoviesSearchContract.swift */; };
		53B7D999219DE37300596DFD /* MoviesSearchTableView.swift in Sources */ = {isa = PBXBuildFile; fileRef = 53B7D998219DE37300596DFD /* MoviesSearchTableView.swift */; };
		53B7D99C219DE38D00596DFD /* MoviesSearchCell.swift in Sources */ = {isa = PBXBuildFile; fileRef = 53B7D99B219DE38D00596DFD /* MoviesSearchCell.swift */; };
		53B7D9A2219DE8B500596DFD /* ViewUtils.swift in Sources */ = {isa = PBXBuildFile; fileRef = 53B7D9A1219DE8B500596DFD /* ViewUtils.swift */; };
		53B7D9A7219DF3A600596DFD /* MovieResponse.swift in Sources */ = {isa = PBXBuildFile; fileRef = 53B7D9A6219DF3A600596DFD /* MovieResponse.swift */; };
		53B7D9A9219DF67D00596DFD /* SearchMoviesResponse.swift in Sources */ = {isa = PBXBuildFile; fileRef = 53B7D9A8219DF67D00596DFD /* SearchMoviesResponse.swift */; };
		53B7D9AC219DF79100596DFD /* BaseCallback.swift in Sources */ = {isa = PBXBuildFile; fileRef = 53B7D9AB219DF79100596DFD /* BaseCallback.swift */; };
		53B7D9AE219DF7C100596DFD /* CallbackEnum.swift in Sources */ = {isa = PBXBuildFile; fileRef = 53B7D9AD219DF7C100596DFD /* CallbackEnum.swift */; };
		53B7D9B2219DF84900596DFD /* MovieRemoteDataSourceImpl.swift in Sources */ = {isa = PBXBuildFile; fileRef = 53B7D9B1219DF84900596DFD /* MovieRemoteDataSourceImpl.swift */; };
		53B7D9B4219DF85F00596DFD /* MovieRemoteDataSource.swift in Sources */ = {isa = PBXBuildFile; fileRef = 53B7D9B3219DF85F00596DFD /* MovieRemoteDataSource.swift */; };
		53B7D9B6219DF87200596DFD /* MovieApiDataSource.swift in Sources */ = {isa = PBXBuildFile; fileRef = 53B7D9B5219DF87200596DFD /* MovieApiDataSource.swift */; };
		53B7D9B8219DF88400596DFD /* MovieApiDataSourceImpl.swift in Sources */ = {isa = PBXBuildFile; fileRef = 53B7D9B7219DF88400596DFD /* MovieApiDataSourceImpl.swift */; };
		53B7D9BB219DFBF100596DFD /* GetMovie.swift in Sources */ = {isa = PBXBuildFile; fileRef = 53B7D9BA219DFBF100596DFD /* GetMovie.swift */; };
		53B7D9BE219E00C400596DFD /* InjectionUseCase.swift in Sources */ = {isa = PBXBuildFile; fileRef = 53B7D9BD219E00C400596DFD /* InjectionUseCase.swift */; };
		53B7D9C0219E010800596DFD /* InjectionRemoteDataSource.swift in Sources */ = {isa = PBXBuildFile; fileRef = 53B7D9BF219E010800596DFD /* InjectionRemoteDataSource.swift */; };
		53B7D9C2219E015200596DFD /* InjectionApiDataSource.swift in Sources */ = {isa = PBXBuildFile; fileRef = 53B7D9C1219E015200596DFD /* InjectionApiDataSource.swift */; };
		53B7D9C5219E106900596DFD /* AppStrings.swift in Sources */ = {isa = PBXBuildFile; fileRef = 53B7D9C4219E106900596DFD /* AppStrings.swift */; };
		53B7D9C8219E119900596DFD /* MoviesSearchViewController.xib in Resources */ = {isa = PBXBuildFile; fileRef = 53B7D9CA219E119900596DFD /* MoviesSearchViewController.xib */; };
		53B7D9CD219E11B000596DFD /* MoviesSearchCell.xib in Resources */ = {isa = PBXBuildFile; fileRef = 53B7D9CF219E11B000596DFD /* MoviesSearchCell.xib */; };
		53B7D9D7219E124900596DFD /* Localizable.strings in Resources */ = {isa = PBXBuildFile; fileRef = 53B7D9D9219E124900596DFD /* Localizable.strings */; };
		719DEFE6FDB68444C7365F1A /* Pods_favorite_moviesUITests.framework in Frameworks */ = {isa = PBXBuildFile; fileRef = 40F14C74275F218E0E2B5406 /* Pods_favorite_moviesUITests.framework */; };
		D4134EDC7B314839BABEBF27 /* Pods_favorite_movies.framework in Frameworks */ = {isa = PBXBuildFile; fileRef = 4CDC18EC654599B3EB85744D /* Pods_favorite_movies.framework */; };
/* End PBXBuildFile section */

/* Begin PBXContainerItemProxy section */
		53B7D96F219DE08500596DFD /* PBXContainerItemProxy */ = {
			isa = PBXContainerItemProxy;
			containerPortal = 53B7D952219DE08400596DFD /* Project object */;
			proxyType = 1;
			remoteGlobalIDString = 53B7D959219DE08400596DFD;
			remoteInfo = "favorite-movies";
		};
		53B7D97A219DE08500596DFD /* PBXContainerItemProxy */ = {
			isa = PBXContainerItemProxy;
			containerPortal = 53B7D952219DE08400596DFD /* Project object */;
			proxyType = 1;
			remoteGlobalIDString = 53B7D959219DE08400596DFD;
			remoteInfo = "favorite-movies";
		};
/* End PBXContainerItemProxy section */

/* Begin PBXFileReference section */
		0157D28EA6E468E54CD2C55A /* Pods-favorite-moviesUITests.debug.xcconfig */ = {isa = PBXFileReference; includeInIndex = 1; lastKnownFileType = text.xcconfig; name = "Pods-favorite-moviesUITests.debug.xcconfig"; path = "Pods/Target Support Files/Pods-favorite-moviesUITests/Pods-favorite-moviesUITests.debug.xcconfig"; sourceTree = "<group>"; };
		04E2E1E25E26CA3D2ED9F538 /* Pods-favorite-moviesTests.release.xcconfig */ = {isa = PBXFileReference; includeInIndex = 1; lastKnownFileType = text.xcconfig; name = "Pods-favorite-moviesTests.release.xcconfig"; path = "Pods/Target Support Files/Pods-favorite-moviesTests/Pods-favorite-moviesTests.release.xcconfig"; sourceTree = "<group>"; };
		10BDBA074834E6A6E14C9680 /* Pods-favorite-moviesUITests.release.xcconfig */ = {isa = PBXFileReference; includeInIndex = 1; lastKnownFileType = text.xcconfig; name = "Pods-favorite-moviesUITests.release.xcconfig"; path = "Pods/Target Support Files/Pods-favorite-moviesUITests/Pods-favorite-moviesUITests.release.xcconfig"; sourceTree = "<group>"; };
		4051A18B782C5B5105056F88 /* Pods-favorite-moviesTests.debug.xcconfig */ = {isa = PBXFileReference; includeInIndex = 1; lastKnownFileType = text.xcconfig; name = "Pods-favorite-moviesTests.debug.xcconfig"; path = "Pods/Target Support Files/Pods-favorite-moviesTests/Pods-favorite-moviesTests.debug.xcconfig"; sourceTree = "<group>"; };
		40F14C74275F218E0E2B5406 /* Pods_favorite_moviesUITests.framework */ = {isa = PBXFileReference; explicitFileType = wrapper.framework; includeInIndex = 0; path = Pods_favorite_moviesUITests.framework; sourceTree = BUILT_PRODUCTS_DIR; };
		4CDC18EC654599B3EB85744D /* Pods_favorite_movies.framework */ = {isa = PBXFileReference; explicitFileType = wrapper.framework; includeInIndex = 0; path = Pods_favorite_movies.framework; sourceTree = BUILT_PRODUCTS_DIR; };
		53B7D95A219DE08400596DFD /* favorite-movies.app */ = {isa = PBXFileReference; explicitFileType = wrapper.application; includeInIndex = 0; path = "favorite-movies.app"; sourceTree = BUILT_PRODUCTS_DIR; };
		53B7D95D219DE08400596DFD /* AppDelegate.swift */ = {isa = PBXFileReference; lastKnownFileType = sourcecode.swift; path = AppDelegate.swift; sourceTree = "<group>"; };
		53B7D964219DE08500596DFD /* Assets.xcassets */ = {isa = PBXFileReference; lastKnownFileType = folder.assetcatalog; path = Assets.xcassets; sourceTree = "<group>"; };
		53B7D967219DE08500596DFD /* Base */ = {isa = PBXFileReference; lastKnownFileType = file.storyboard; name = Base; path = Base.lproj/LaunchScreen.storyboard; sourceTree = "<group>"; };
		53B7D969219DE08500596DFD /* Info.plist */ = {isa = PBXFileReference; lastKnownFileType = text.plist.xml; path = Info.plist; sourceTree = "<group>"; };
		53B7D96E219DE08500596DFD /* favorite-moviesTests.xctest */ = {isa = PBXFileReference; explicitFileType = wrapper.cfbundle; includeInIndex = 0; path = "favorite-moviesTests.xctest"; sourceTree = BUILT_PRODUCTS_DIR; };
		53B7D972219DE08500596DFD /* favorite_moviesTests.swift */ = {isa = PBXFileReference; lastKnownFileType = sourcecode.swift; path = favorite_moviesTests.swift; sourceTree = "<group>"; };
		53B7D974219DE08500596DFD /* Info.plist */ = {isa = PBXFileReference; lastKnownFileType = text.plist.xml; path = Info.plist; sourceTree = "<group>"; };
		53B7D979219DE08500596DFD /* favorite-moviesUITests.xctest */ = {isa = PBXFileReference; explicitFileType = wrapper.cfbundle; includeInIndex = 0; path = "favorite-moviesUITests.xctest"; sourceTree = BUILT_PRODUCTS_DIR; };
		53B7D97D219DE08500596DFD /* favorite_moviesUITests.swift */ = {isa = PBXFileReference; lastKnownFileType = sourcecode.swift; path = favorite_moviesUITests.swift; sourceTree = "<group>"; };
		53B7D97F219DE08500596DFD /* Info.plist */ = {isa = PBXFileReference; lastKnownFileType = text.plist.xml; path = Info.plist; sourceTree = "<group>"; };
		53B7D98E219DE30400596DFD /* MoviesSearchViewController.swift */ = {isa = PBXFileReference; lastKnownFileType = sourcecode.swift; path = MoviesSearchViewController.swift; sourceTree = "<group>"; };
		53B7D990219DE31700596DFD /* MoviesSearchPresenter.swift */ = {isa = PBXFileReference; lastKnownFileType = sourcecode.swift; path = MoviesSearchPresenter.swift; sourceTree = "<group>"; };
		53B7D992219DE32400596DFD /* MoviesSearchContract.swift */ = {isa = PBXFileReference; lastKnownFileType = sourcecode.swift; path = MoviesSearchContract.swift; sourceTree = "<group>"; };
		53B7D998219DE37300596DFD /* MoviesSearchTableView.swift */ = {isa = PBXFileReference; lastKnownFileType = sourcecode.swift; path = MoviesSearchTableView.swift; sourceTree = "<group>"; };
		53B7D99B219DE38D00596DFD /* MoviesSearchCell.swift */ = {isa = PBXFileReference; lastKnownFileType = sourcecode.swift; path = MoviesSearchCell.swift; sourceTree = "<group>"; };
		53B7D9A1219DE8B500596DFD /* ViewUtils.swift */ = {isa = PBXFileReference; lastKnownFileType = sourcecode.swift; path = ViewUtils.swift; sourceTree = "<group>"; };
		53B7D9A6219DF3A600596DFD /* MovieResponse.swift */ = {isa = PBXFileReference; lastKnownFileType = sourcecode.swift; path = MovieResponse.swift; sourceTree = "<group>"; };
		53B7D9A8219DF67D00596DFD /* SearchMoviesResponse.swift */ = {isa = PBXFileReference; lastKnownFileType = sourcecode.swift; path = SearchMoviesResponse.swift; sourceTree = "<group>"; };
		53B7D9AB219DF79100596DFD /* BaseCallback.swift */ = {isa = PBXFileReference; lastKnownFileType = sourcecode.swift; path = BaseCallback.swift; sourceTree = "<group>"; };
		53B7D9AD219DF7C100596DFD /* CallbackEnum.swift */ = {isa = PBXFileReference; lastKnownFileType = sourcecode.swift; path = CallbackEnum.swift; sourceTree = "<group>"; };
		53B7D9B1219DF84900596DFD /* MovieRemoteDataSourceImpl.swift */ = {isa = PBXFileReference; lastKnownFileType = sourcecode.swift; path = MovieRemoteDataSourceImpl.swift; sourceTree = "<group>"; };
		53B7D9B3219DF85F00596DFD /* MovieRemoteDataSource.swift */ = {isa = PBXFileReference; lastKnownFileType = sourcecode.swift; path = MovieRemoteDataSource.swift; sourceTree = "<group>"; };
		53B7D9B5219DF87200596DFD /* MovieApiDataSource.swift */ = {isa = PBXFileReference; lastKnownFileType = sourcecode.swift; path = MovieApiDataSource.swift; sourceTree = "<group>"; };
		53B7D9B7219DF88400596DFD /* MovieApiDataSourceImpl.swift */ = {isa = PBXFileReference; lastKnownFileType = sourcecode.swift; path = MovieApiDataSourceImpl.swift; sourceTree = "<group>"; };
		53B7D9BA219DFBF100596DFD /* GetMovie.swift */ = {isa = PBXFileReference; lastKnownFileType = sourcecode.swift; path = GetMovie.swift; sourceTree = "<group>"; };
		53B7D9BD219E00C400596DFD /* InjectionUseCase.swift */ = {isa = PBXFileReference; lastKnownFileType = sourcecode.swift; path = InjectionUseCase.swift; sourceTree = "<group>"; };
		53B7D9BF219E010800596DFD /* InjectionRemoteDataSource.swift */ = {isa = PBXFileReference; lastKnownFileType = sourcecode.swift; path = InjectionRemoteDataSource.swift; sourceTree = "<group>"; };
		53B7D9C1219E015200596DFD /* InjectionApiDataSource.swift */ = {isa = PBXFileReference; lastKnownFileType = sourcecode.swift; path = InjectionApiDataSource.swift; sourceTree = "<group>"; };
		53B7D9C4219E106900596DFD /* AppStrings.swift */ = {isa = PBXFileReference; lastKnownFileType = sourcecode.swift; path = AppStrings.swift; sourceTree = "<group>"; };
		53B7D9C7219E118500596DFD /* en */ = {isa = PBXFileReference; lastKnownFileType = text.plist.strings; name = en; path = en.lproj/LaunchScreen.strings; sourceTree = "<group>"; };
		53B7D9C9219E119900596DFD /* Base */ = {isa = PBXFileReference; lastKnownFileType = file.xib; name = Base; path = Base.lproj/MoviesSearchViewController.xib; sourceTree = "<group>"; };
		53B7D9CE219E11B000596DFD /* Base */ = {isa = PBXFileReference; lastKnownFileType = file.xib; name = Base; path = Base.lproj/MoviesSearchCell.xib; sourceTree = "<group>"; };
		53B7D9D1219E11B200596DFD /* en */ = {isa = PBXFileReference; lastKnownFileType = text.plist.strings; name = en; path = en.lproj/MoviesSearchCell.strings; sourceTree = "<group>"; };
		53B7D9D2219E11BF00596DFD /* pt-BR */ = {isa = PBXFileReference; lastKnownFileType = text.plist.strings; name = "pt-BR"; path = "pt-BR.lproj/MoviesSearchCell.strings"; sourceTree = "<group>"; };
		53B7D9D3219E11BF00596DFD /* pt-BR */ = {isa = PBXFileReference; lastKnownFileType = text.plist.strings; name = "pt-BR"; path = "pt-BR.lproj/MoviesSearchViewController.strings"; sourceTree = "<group>"; };
		53B7D9D4219E11C000596DFD /* pt-BR */ = {isa = PBXFileReference; lastKnownFileType = text.plist.strings; name = "pt-BR"; path = "pt-BR.lproj/LaunchScreen.strings"; sourceTree = "<group>"; };
		53B7D9D8219E124900596DFD /* en */ = {isa = PBXFileReference; lastKnownFileType = text.plist.strings; name = en; path = en.lproj/Localizable.strings; sourceTree = "<group>"; };
		53B7D9DA219E124B00596DFD /* pt-BR */ = {isa = PBXFileReference; lastKnownFileType = text.plist.strings; name = "pt-BR"; path = "pt-BR.lproj/Localizable.strings"; sourceTree = "<group>"; };
		6786D6E9D06DC2DA1F35A8D0 /* Pods-favorite-movies.debug.xcconfig */ = {isa = PBXFileReference; includeInIndex = 1; lastKnownFileType = text.xcconfig; name = "Pods-favorite-movies.debug.xcconfig"; path = "Pods/Target Support Files/Pods-favorite-movies/Pods-favorite-movies.debug.xcconfig"; sourceTree = "<group>"; };
		6FFCD6D20815AD781DDB4F2B /* Pods-favorite-movies.release.xcconfig */ = {isa = PBXFileReference; includeInIndex = 1; lastKnownFileType = text.xcconfig; name = "Pods-favorite-movies.release.xcconfig"; path = "Pods/Target Support Files/Pods-favorite-movies/Pods-favorite-movies.release.xcconfig"; sourceTree = "<group>"; };
		DB11E9B70DCEE64E556DB1B0 /* Pods_favorite_moviesTests.framework */ = {isa = PBXFileReference; explicitFileType = wrapper.framework; includeInIndex = 0; path = Pods_favorite_moviesTests.framework; sourceTree = BUILT_PRODUCTS_DIR; };
/* End PBXFileReference section */

/* Begin PBXFrameworksBuildPhase section */
		53B7D957219DE08400596DFD /* Frameworks */ = {
			isa = PBXFrameworksBuildPhase;
			buildActionMask = 2147483647;
			files = (
				D4134EDC7B314839BABEBF27 /* Pods_favorite_movies.framework in Frameworks */,
			);
			runOnlyForDeploymentPostprocessing = 0;
		};
		53B7D96B219DE08500596DFD /* Frameworks */ = {
			isa = PBXFrameworksBuildPhase;
			buildActionMask = 2147483647;
			files = (
				18744B553F08F641036F63D7 /* Pods_favorite_moviesTests.framework in Frameworks */,
			);
			runOnlyForDeploymentPostprocessing = 0;
		};
		53B7D976219DE08500596DFD /* Frameworks */ = {
			isa = PBXFrameworksBuildPhase;
			buildActionMask = 2147483647;
			files = (
				719DEFE6FDB68444C7365F1A /* Pods_favorite_moviesUITests.framework in Frameworks */,
			);
			runOnlyForDeploymentPostprocessing = 0;
		};
/* End PBXFrameworksBuildPhase section */

/* Begin PBXGroup section */
		53B7D951219DE08400596DFD = {
			isa = PBXGroup;
			children = (
				53B7D95C219DE08400596DFD /* favorite-movies */,
				53B7D971219DE08500596DFD /* favorite-moviesTests */,
				53B7D97C219DE08500596DFD /* favorite-moviesUITests */,
				53B7D95B219DE08400596DFD /* Products */,
				A5B0DA67728B54B970CA8E61 /* Pods */,
				D07F9007FC5CAD885557D58A /* Frameworks */,
			);
			sourceTree = "<group>";
		};
		53B7D95B219DE08400596DFD /* Products */ = {
			isa = PBXGroup;
			children = (
				53B7D95A219DE08400596DFD /* favorite-movies.app */,
				53B7D96E219DE08500596DFD /* favorite-moviesTests.xctest */,
				53B7D979219DE08500596DFD /* favorite-moviesUITests.xctest */,
			);
			name = Products;
			sourceTree = "<group>";
		};
		53B7D95C219DE08400596DFD /* favorite-movies */ = {
			isa = PBXGroup;
			children = (
				53B7D98B219DE2B200596DFD /* Application */,
				53B7D9A3219DF31900596DFD /* Domain */,
				53B7D9A4219DF32400596DFD /* Service */,
				53B7D95D219DE08400596DFD /* AppDelegate.swift */,
				53B7D964219DE08500596DFD /* Assets.xcassets */,
				53B7D966219DE08500596DFD /* LaunchScreen.storyboard */,
				53B7D969219DE08500596DFD /* Info.plist */,
			);
			path = "favorite-movies";
			sourceTree = "<group>";
		};
		53B7D971219DE08500596DFD /* favorite-moviesTests */ = {
			isa = PBXGroup;
			children = (
				53B7D972219DE08500596DFD /* favorite_moviesTests.swift */,
				53B7D974219DE08500596DFD /* Info.plist */,
			);
			path = "favorite-moviesTests";
			sourceTree = "<group>";
		};
		53B7D97C219DE08500596DFD /* favorite-moviesUITests */ = {
			isa = PBXGroup;
			children = (
				53B7D97D219DE08500596DFD /* favorite_moviesUITests.swift */,
				53B7D97F219DE08500596DFD /* Info.plist */,
			);
			path = "favorite-moviesUITests";
			sourceTree = "<group>";
		};
		53B7D98B219DE2B200596DFD /* Application */ = {
			isa = PBXGroup;
			children = (
				53B7D98C219DE2C700596DFD /* Modules */,
				53B7D9B9219DFBD500596DFD /* UseCases */,
				53B7D99F219DE89C00596DFD /* Common */,
			);
			path = Application;
			sourceTree = "<group>";
		};
		53B7D98C219DE2C700596DFD /* Modules */ = {
			isa = PBXGroup;
			children = (
				53B7D98D219DE2D100596DFD /* MoviesSearch */,
			);
			path = Modules;
			sourceTree = "<group>";
		};
		53B7D98D219DE2D100596DFD /* MoviesSearch */ = {
			isa = PBXGroup;
			children = (
				53B7D994219DE32F00596DFD /* View */,
				53B7D98E219DE30400596DFD /* MoviesSearchViewController.swift */,
				53B7D990219DE31700596DFD /* MoviesSearchPresenter.swift */,
				53B7D992219DE32400596DFD /* MoviesSearchContract.swift */,
			);
			path = MoviesSearch;
			sourceTree = "<group>";
		};
		53B7D994219DE32F00596DFD /* View */ = {
			isa = PBXGroup;
			children = (
				53B7D997219DE35700596DFD /* TableView */,
				53B7D9CA219E119900596DFD /* MoviesSearchViewController.xib */,
			);
			path = View;
			sourceTree = "<group>";
		};
		53B7D997219DE35700596DFD /* TableView */ = {
			isa = PBXGroup;
			children = (
				53B7D99A219DE37B00596DFD /* Cell */,
				53B7D998219DE37300596DFD /* MoviesSearchTableView.swift */,
			);
			path = TableView;
			sourceTree = "<group>";
		};
		53B7D99A219DE37B00596DFD /* Cell */ = {
			isa = PBXGroup;
			children = (
				53B7D99B219DE38D00596DFD /* MoviesSearchCell.swift */,
				53B7D9CF219E11B000596DFD /* MoviesSearchCell.xib */,
			);
			path = Cell;
			sourceTree = "<group>";
		};
		53B7D99F219DE89C00596DFD /* Common */ = {
			isa = PBXGroup;
			children = (
				53B7D9C3219E105900596DFD /* Localizable */,
				53B7D9BC219E00B400596DFD /* Injections */,
				53B7D9A0219DE8A600596DFD /* Utils */,
			);
			path = Common;
			sourceTree = "<group>";
		};
		53B7D9A0219DE8A600596DFD /* Utils */ = {
			isa = PBXGroup;
			children = (
				53B7D9A1219DE8B500596DFD /* ViewUtils.swift */,
			);
			path = Utils;
			sourceTree = "<group>";
		};
		53B7D9A3219DF31900596DFD /* Domain */ = {
			isa = PBXGroup;
			children = (
				53B7D9A5219DF34A00596DFD /* Entities */,
			);
			path = Domain;
			sourceTree = "<group>";
		};
		53B7D9A4219DF32400596DFD /* Service */ = {
			isa = PBXGroup;
			children = (
				53B7D9AF219DF82400596DFD /* Remote */,
				53B7D9AA219DF78500596DFD /* Common */,
			);
			path = Service;
			sourceTree = "<group>";
		};
		53B7D9A5219DF34A00596DFD /* Entities */ = {
			isa = PBXGroup;
			children = (
				53B7D9A6219DF3A600596DFD /* MovieResponse.swift */,
				53B7D9A8219DF67D00596DFD /* SearchMoviesResponse.swift */,
			);
			path = Entities;
			sourceTree = "<group>";
		};
		53B7D9AA219DF78500596DFD /* Common */ = {
			isa = PBXGroup;
			children = (
				53B7D9AB219DF79100596DFD /* BaseCallback.swift */,
				53B7D9AD219DF7C100596DFD /* CallbackEnum.swift */,
			);
			path = Common;
			sourceTree = "<group>";
		};
		53B7D9AF219DF82400596DFD /* Remote */ = {
			isa = PBXGroup;
			children = (
				53B7D9B0219DF83600596DFD /* Movies */,
			);
			path = Remote;
			sourceTree = "<group>";
		};
		53B7D9B0219DF83600596DFD /* Movies */ = {
			isa = PBXGroup;
			children = (
				53B7D9B3219DF85F00596DFD /* MovieRemoteDataSource.swift */,
				53B7D9B1219DF84900596DFD /* MovieRemoteDataSourceImpl.swift */,
				53B7D9B5219DF87200596DFD /* MovieApiDataSource.swift */,
				53B7D9B7219DF88400596DFD /* MovieApiDataSourceImpl.swift */,
			);
			path = Movies;
			sourceTree = "<group>";
		};
		53B7D9B9219DFBD500596DFD /* UseCases */ = {
			isa = PBXGroup;
			children = (
				53B7D9BA219DFBF100596DFD /* GetMovie.swift */,
			);
			path = UseCases;
			sourceTree = "<group>";
		};
		53B7D9BC219E00B400596DFD /* Injections */ = {
			isa = PBXGroup;
			children = (
				53B7D9BD219E00C400596DFD /* InjectionUseCase.swift */,
				53B7D9BF219E010800596DFD /* InjectionRemoteDataSource.swift */,
				53B7D9C1219E015200596DFD /* InjectionApiDataSource.swift */,
			);
			path = Injections;
			sourceTree = "<group>";
		};
		53B7D9C3219E105900596DFD /* Localizable */ = {
			isa = PBXGroup;
			children = (
				53B7D9C4219E106900596DFD /* AppStrings.swift */,
				53B7D9D9219E124900596DFD /* Localizable.strings */,
			);
			path = Localizable;
			sourceTree = "<group>";
		};
		A5B0DA67728B54B970CA8E61 /* Pods */ = {
			isa = PBXGroup;
			children = (
				6786D6E9D06DC2DA1F35A8D0 /* Pods-favorite-movies.debug.xcconfig */,
				6FFCD6D20815AD781DDB4F2B /* Pods-favorite-movies.release.xcconfig */,
				4051A18B782C5B5105056F88 /* Pods-favorite-moviesTests.debug.xcconfig */,
				04E2E1E25E26CA3D2ED9F538 /* Pods-favorite-moviesTests.release.xcconfig */,
				0157D28EA6E468E54CD2C55A /* Pods-favorite-moviesUITests.debug.xcconfig */,
				10BDBA074834E6A6E14C9680 /* Pods-favorite-moviesUITests.release.xcconfig */,
			);
			name = Pods;
			sourceTree = "<group>";
		};
		D07F9007FC5CAD885557D58A /* Frameworks */ = {
			isa = PBXGroup;
			children = (
				4CDC18EC654599B3EB85744D /* Pods_favorite_movies.framework */,
				DB11E9B70DCEE64E556DB1B0 /* Pods_favorite_moviesTests.framework */,
				40F14C74275F218E0E2B5406 /* Pods_favorite_moviesUITests.framework */,
			);
			name = Frameworks;
			sourceTree = "<group>";
		};
/* End PBXGroup section */

/* Begin PBXNativeTarget section */
		53B7D959219DE08400596DFD /* favorite-movies */ = {
			isa = PBXNativeTarget;
			buildConfigurationList = 53B7D982219DE08500596DFD /* Build configuration list for PBXNativeTarget "favorite-movies" */;
			buildPhases = (
				F996F1FDDBFE9D2CB5F461DB /* [CP] Check Pods Manifest.lock */,
				53B7D956219DE08400596DFD /* Sources */,
				53B7D957219DE08400596DFD /* Frameworks */,
				53B7D958219DE08400596DFD /* Resources */,
				B4B9106A2C0283E92F0AF044 /* [CP] Embed Pods Frameworks */,
			);
			buildRules = (
			);
			dependencies = (
			);
			name = "favorite-movies";
			productName = "favorite-movies";
			productReference = 53B7D95A219DE08400596DFD /* favorite-movies.app */;
			productType = "com.apple.product-type.application";
		};
		53B7D96D219DE08500596DFD /* favorite-moviesTests */ = {
			isa = PBXNativeTarget;
			buildConfigurationList = 53B7D985219DE08500596DFD /* Build configuration list for PBXNativeTarget "favorite-moviesTests" */;
			buildPhases = (
				855F79A1136C9BB770F90946 /* [CP] Check Pods Manifest.lock */,
				53B7D96A219DE08500596DFD /* Sources */,
				53B7D96B219DE08500596DFD /* Frameworks */,
				53B7D96C219DE08500596DFD /* Resources */,
			);
			buildRules = (
			);
			dependencies = (
				53B7D970219DE08500596DFD /* PBXTargetDependency */,
			);
			name = "favorite-moviesTests";
			productName = "favorite-moviesTests";
			productReference = 53B7D96E219DE08500596DFD /* favorite-moviesTests.xctest */;
			productType = "com.apple.product-type.bundle.unit-test";
		};
		53B7D978219DE08500596DFD /* favorite-moviesUITests */ = {
			isa = PBXNativeTarget;
			buildConfigurationList = 53B7D988219DE08500596DFD /* Build configuration list for PBXNativeTarget "favorite-moviesUITests" */;
			buildPhases = (
				30217EBFC2106CE3781E2529 /* [CP] Check Pods Manifest.lock */,
				53B7D975219DE08500596DFD /* Sources */,
				53B7D976219DE08500596DFD /* Frameworks */,
				53B7D977219DE08500596DFD /* Resources */,
			);
			buildRules = (
			);
			dependencies = (
				53B7D97B219DE08500596DFD /* PBXTargetDependency */,
			);
			name = "favorite-moviesUITests";
			productName = "favorite-moviesUITests";
			productReference = 53B7D979219DE08500596DFD /* favorite-moviesUITests.xctest */;
			productType = "com.apple.product-type.bundle.ui-testing";
		};
/* End PBXNativeTarget section */

/* Begin PBXProject section */
		53B7D952219DE08400596DFD /* Project object */ = {
			isa = PBXProject;
			attributes = {
				LastSwiftUpdateCheck = 1010;
				LastUpgradeCheck = 1010;
				ORGANIZATIONNAME = "Livia Vasconcelos";
				TargetAttributes = {
					53B7D959219DE08400596DFD = {
						CreatedOnToolsVersion = 10.1;
					};
					53B7D96D219DE08500596DFD = {
						CreatedOnToolsVersion = 10.1;
						TestTargetID = 53B7D959219DE08400596DFD;
					};
					53B7D978219DE08500596DFD = {
						CreatedOnToolsVersion = 10.1;
						TestTargetID = 53B7D959219DE08400596DFD;
					};
				};
			};
			buildConfigurationList = 53B7D955219DE08400596DFD /* Build configuration list for PBXProject "favorite-movies" */;
			compatibilityVersion = "Xcode 9.3";
			developmentRegion = en;
			hasScannedForEncodings = 0;
			knownRegions = (
				en,
				Base,
				"pt-BR",
			);
			mainGroup = 53B7D951219DE08400596DFD;
			productRefGroup = 53B7D95B219DE08400596DFD /* Products */;
			projectDirPath = "";
			projectRoot = "";
			targets = (
				53B7D959219DE08400596DFD /* favorite-movies */,
				53B7D96D219DE08500596DFD /* favorite-moviesTests */,
				53B7D978219DE08500596DFD /* favorite-moviesUITests */,
			);
		};
/* End PBXProject section */

/* Begin PBXResourcesBuildPhase section */
		53B7D958219DE08400596DFD /* Resources */ = {
			isa = PBXResourcesBuildPhase;
			buildActionMask = 2147483647;
			files = (
				53B7D9D7219E124900596DFD /* Localizable.strings in Resources */,
				53B7D968219DE08500596DFD /* LaunchScreen.storyboard in Resources */,
				53B7D9CD219E11B000596DFD /* MoviesSearchCell.xib in Resources */,
				53B7D965219DE08500596DFD /* Assets.xcassets in Resources */,
				53B7D9C8219E119900596DFD /* MoviesSearchViewController.xib in Resources */,
			);
			runOnlyForDeploymentPostprocessing = 0;
		};
		53B7D96C219DE08500596DFD /* Resources */ = {
			isa = PBXResourcesBuildPhase;
			buildActionMask = 2147483647;
			files = (
			);
			runOnlyForDeploymentPostprocessing = 0;
		};
		53B7D977219DE08500596DFD /* Resources */ = {
			isa = PBXResourcesBuildPhase;
			buildActionMask = 2147483647;
			files = (
			);
			runOnlyForDeploymentPostprocessing = 0;
		};
/* End PBXResourcesBuildPhase section */

/* Begin PBXShellScriptBuildPhase section */
		30217EBFC2106CE3781E2529 /* [CP] Check Pods Manifest.lock */ = {
			isa = PBXShellScriptBuildPhase;
			buildActionMask = 2147483647;
			files = (
			);
			inputPaths = (
				"${PODS_PODFILE_DIR_PATH}/Podfile.lock",
				"${PODS_ROOT}/Manifest.lock",
			);
			name = "[CP] Check Pods Manifest.lock";
			outputPaths = (
				"$(DERIVED_FILE_DIR)/Pods-favorite-moviesUITests-checkManifestLockResult.txt",
			);
			runOnlyForDeploymentPostprocessing = 0;
			shellPath = /bin/sh;
			shellScript = "diff \"${PODS_PODFILE_DIR_PATH}/Podfile.lock\" \"${PODS_ROOT}/Manifest.lock\" > /dev/null\nif [ $? != 0 ] ; then\n    # print error to STDERR\n    echo \"error: The sandbox is not in sync with the Podfile.lock. Run 'pod install' or update your CocoaPods installation.\" >&2\n    exit 1\nfi\n# This output is used by Xcode 'outputs' to avoid re-running this script phase.\necho \"SUCCESS\" > \"${SCRIPT_OUTPUT_FILE_0}\"\n";
			showEnvVarsInLog = 0;
		};
		855F79A1136C9BB770F90946 /* [CP] Check Pods Manifest.lock */ = {
			isa = PBXShellScriptBuildPhase;
			buildActionMask = 2147483647;
			files = (
			);
			inputPaths = (
				"${PODS_PODFILE_DIR_PATH}/Podfile.lock",
				"${PODS_ROOT}/Manifest.lock",
			);
			name = "[CP] Check Pods Manifest.lock";
			outputPaths = (
				"$(DERIVED_FILE_DIR)/Pods-favorite-moviesTests-checkManifestLockResult.txt",
			);
			runOnlyForDeploymentPostprocessing = 0;
			shellPath = /bin/sh;
			shellScript = "diff \"${PODS_PODFILE_DIR_PATH}/Podfile.lock\" \"${PODS_ROOT}/Manifest.lock\" > /dev/null\nif [ $? != 0 ] ; then\n    # print error to STDERR\n    echo \"error: The sandbox is not in sync with the Podfile.lock. Run 'pod install' or update your CocoaPods installation.\" >&2\n    exit 1\nfi\n# This output is used by Xcode 'outputs' to avoid re-running this script phase.\necho \"SUCCESS\" > \"${SCRIPT_OUTPUT_FILE_0}\"\n";
			showEnvVarsInLog = 0;
		};
		B4B9106A2C0283E92F0AF044 /* [CP] Embed Pods Frameworks */ = {
			isa = PBXShellScriptBuildPhase;
			buildActionMask = 2147483647;
			files = (
			);
			inputPaths = (
				"${SRCROOT}/Pods/Target Support Files/Pods-favorite-movies/Pods-favorite-movies-frameworks.sh",
				"${BUILT_PRODUCTS_DIR}/Alamofire/Alamofire.framework",
				"${BUILT_PRODUCTS_DIR}/AlamofireObjectMapper/AlamofireObjectMapper.framework",
				"${BUILT_PRODUCTS_DIR}/ObjectMapper/ObjectMapper.framework",
			);
			name = "[CP] Embed Pods Frameworks";
			outputPaths = (
				"${TARGET_BUILD_DIR}/${FRAMEWORKS_FOLDER_PATH}/Alamofire.framework",
				"${TARGET_BUILD_DIR}/${FRAMEWORKS_FOLDER_PATH}/AlamofireObjectMapper.framework",
				"${TARGET_BUILD_DIR}/${FRAMEWORKS_FOLDER_PATH}/ObjectMapper.framework",
			);
			runOnlyForDeploymentPostprocessing = 0;
			shellPath = /bin/sh;
			shellScript = "\"${SRCROOT}/Pods/Target Support Files/Pods-favorite-movies/Pods-favorite-movies-frameworks.sh\"\n";
			showEnvVarsInLog = 0;
		};
		F996F1FDDBFE9D2CB5F461DB /* [CP] Check Pods Manifest.lock */ = {
			isa = PBXShellScriptBuildPhase;
			buildActionMask = 2147483647;
			files = (
			);
			inputPaths = (
				"${PODS_PODFILE_DIR_PATH}/Podfile.lock",
				"${PODS_ROOT}/Manifest.lock",
			);
			name = "[CP] Check Pods Manifest.lock";
			outputPaths = (
				"$(DERIVED_FILE_DIR)/Pods-favorite-movies-checkManifestLockResult.txt",
			);
			runOnlyForDeploymentPostprocessing = 0;
			shellPath = /bin/sh;
			shellScript = "diff \"${PODS_PODFILE_DIR_PATH}/Podfile.lock\" \"${PODS_ROOT}/Manifest.lock\" > /dev/null\nif [ $? != 0 ] ; then\n    # print error to STDERR\n    echo \"error: The sandbox is not in sync with the Podfile.lock. Run 'pod install' or update your CocoaPods installation.\" >&2\n    exit 1\nfi\n# This output is used by Xcode 'outputs' to avoid re-running this script phase.\necho \"SUCCESS\" > \"${SCRIPT_OUTPUT_FILE_0}\"\n";
			showEnvVarsInLog = 0;
		};
/* End PBXShellScriptBuildPhase section */

/* Begin PBXSourcesBuildPhase section */
		53B7D956219DE08400596DFD /* Sources */ = {
			isa = PBXSourcesBuildPhase;
			buildActionMask = 2147483647;
			files = (
				53B7D9BB219DFBF100596DFD /* GetMovie.swift in Sources */,
				53B7D9BE219E00C400596DFD /* InjectionUseCase.swift in Sources */,
				53B7D9C0219E010800596DFD /* InjectionRemoteDataSource.swift in Sources */,
				53B7D9C2219E015200596DFD /* InjectionApiDataSource.swift in Sources */,
				53B7D9A9219DF67D00596DFD /* SearchMoviesResponse.swift in Sources */,
				53B7D98F219DE30400596DFD /* MoviesSearchViewController.swift in Sources */,
				53B7D9C5219E106900596DFD /* AppStrings.swift in Sources */,
				53B7D9B4219DF85F00596DFD /* MovieRemoteDataSource.swift in Sources */,
				53B7D9B8219DF88400596DFD /* MovieApiDataSourceImpl.swift in Sources */,
				53B7D95E219DE08400596DFD /* AppDelegate.swift in Sources */,
				53B7D9AC219DF79100596DFD /* BaseCallback.swift in Sources */,
				53B7D99C219DE38D00596DFD /* MoviesSearchCell.swift in Sources */,
				53B7D991219DE31700596DFD /* MoviesSearchPresenter.swift in Sources */,
				53B7D9B2219DF84900596DFD /* MovieRemoteDataSourceImpl.swift in Sources */,
				53B7D9AE219DF7C100596DFD /* CallbackEnum.swift in Sources */,
				53B7D9B6219DF87200596DFD /* MovieApiDataSource.swift in Sources */,
				53B7D9A7219DF3A600596DFD /* MovieResponse.swift in Sources */,
				53B7D999219DE37300596DFD /* MoviesSearchTableView.swift in Sources */,
				53B7D9A2219DE8B500596DFD /* ViewUtils.swift in Sources */,
				53B7D993219DE32400596DFD /* MoviesSearchContract.swift in Sources */,
			);
			runOnlyForDeploymentPostprocessing = 0;
		};
		53B7D96A219DE08500596DFD /* Sources */ = {
			isa = PBXSourcesBuildPhase;
			buildActionMask = 2147483647;
			files = (
				53B7D973219DE08500596DFD /* favorite_moviesTests.swift in Sources */,
			);
			runOnlyForDeploymentPostprocessing = 0;
		};
		53B7D975219DE08500596DFD /* Sources */ = {
			isa = PBXSourcesBuildPhase;
			buildActionMask = 2147483647;
			files = (
				53B7D97E219DE08500596DFD /* favorite_moviesUITests.swift in Sources */,
			);
			runOnlyForDeploymentPostprocessing = 0;
		};
/* End PBXSourcesBuildPhase section */

/* Begin PBXTargetDependency section */
		53B7D970219DE08500596DFD /* PBXTargetDependency */ = {
			isa = PBXTargetDependency;
			target = 53B7D959219DE08400596DFD /* favorite-movies */;
			targetProxy = 53B7D96F219DE08500596DFD /* PBXContainerItemProxy */;
		};
		53B7D97B219DE08500596DFD /* PBXTargetDependency */ = {
			isa = PBXTargetDependency;
			target = 53B7D959219DE08400596DFD /* favorite-movies */;
			targetProxy = 53B7D97A219DE08500596DFD /* PBXContainerItemProxy */;
		};
/* End PBXTargetDependency section */

/* Begin PBXVariantGroup section */
		53B7D966219DE08500596DFD /* LaunchScreen.storyboard */ = {
			isa = PBXVariantGroup;
			children = (
				53B7D967219DE08500596DFD /* Base */,
				53B7D9C7219E118500596DFD /* en */,
				53B7D9D4219E11C000596DFD /* pt-BR */,
			);
			name = LaunchScreen.storyboard;
			sourceTree = "<group>";
		};
		53B7D9CA219E119900596DFD /* MoviesSearchViewController.xib */ = {
			isa = PBXVariantGroup;
			children = (
				53B7D9C9219E119900596DFD /* Base */,
				53B7D9D3219E11BF00596DFD /* pt-BR */,
			);
			name = MoviesSearchViewController.xib;
			sourceTree = "<group>";
		};
		53B7D9CF219E11B000596DFD /* MoviesSearchCell.xib */ = {
			isa = PBXVariantGroup;
			children = (
				53B7D9CE219E11B000596DFD /* Base */,
				53B7D9D1219E11B200596DFD /* en */,
				53B7D9D2219E11BF00596DFD /* pt-BR */,
			);
			name = MoviesSearchCell.xib;
			sourceTree = "<group>";
		};
		53B7D9D9219E124900596DFD /* Localizable.strings */ = {
			isa = PBXVariantGroup;
			children = (
				53B7D9D8219E124900596DFD /* en */,
				53B7D9DA219E124B00596DFD /* pt-BR */,
			);
			name = Localizable.strings;
			sourceTree = "<group>";
		};
/* End PBXVariantGroup section */

/* Begin XCBuildConfiguration section */
		53B7D980219DE08500596DFD /* Debug */ = {
			isa = XCBuildConfiguration;
			buildSettings = {
				ALWAYS_SEARCH_USER_PATHS = NO;
				CLANG_ANALYZER_LOCALIZABILITY_NONLOCALIZED = YES;
				CLANG_ANALYZER_NONNULL = YES;
				CLANG_ANALYZER_NUMBER_OBJECT_CONVERSION = YES_AGGRESSIVE;
				CLANG_CXX_LANGUAGE_STANDARD = "gnu++14";
				CLANG_CXX_LIBRARY = "libc++";
				CLANG_ENABLE_MODULES = YES;
				CLANG_ENABLE_OBJC_ARC = YES;
				CLANG_ENABLE_OBJC_WEAK = YES;
				CLANG_WARN_BLOCK_CAPTURE_AUTORELEASING = YES;
				CLANG_WARN_BOOL_CONVERSION = YES;
				CLANG_WARN_COMMA = YES;
				CLANG_WARN_CONSTANT_CONVERSION = YES;
				CLANG_WARN_DEPRECATED_OBJC_IMPLEMENTATIONS = YES;
				CLANG_WARN_DIRECT_OBJC_ISA_USAGE = YES_ERROR;
				CLANG_WARN_DOCUMENTATION_COMMENTS = YES;
				CLANG_WARN_EMPTY_BODY = YES;
				CLANG_WARN_ENUM_CONVERSION = YES;
				CLANG_WARN_INFINITE_RECURSION = YES;
				CLANG_WARN_INT_CONVERSION = YES;
				CLANG_WARN_NON_LITERAL_NULL_CONVERSION = YES;
				CLANG_WARN_OBJC_IMPLICIT_RETAIN_SELF = YES;
				CLANG_WARN_OBJC_LITERAL_CONVERSION = YES;
				CLANG_WARN_OBJC_ROOT_CLASS = YES_ERROR;
				CLANG_WARN_RANGE_LOOP_ANALYSIS = YES;
				CLANG_WARN_STRICT_PROTOTYPES = YES;
				CLANG_WARN_SUSPICIOUS_MOVE = YES;
				CLANG_WARN_UNGUARDED_AVAILABILITY = YES_AGGRESSIVE;
				CLANG_WARN_UNREACHABLE_CODE = YES;
				CLANG_WARN__DUPLICATE_METHOD_MATCH = YES;
				CODE_SIGN_IDENTITY = "iPhone Developer";
				COPY_PHASE_STRIP = NO;
				DEBUG_INFORMATION_FORMAT = dwarf;
				ENABLE_STRICT_OBJC_MSGSEND = YES;
				ENABLE_TESTABILITY = YES;
				GCC_C_LANGUAGE_STANDARD = gnu11;
				GCC_DYNAMIC_NO_PIC = NO;
				GCC_NO_COMMON_BLOCKS = YES;
				GCC_OPTIMIZATION_LEVEL = 0;
				GCC_PREPROCESSOR_DEFINITIONS = (
					"DEBUG=1",
					"$(inherited)",
				);
				GCC_WARN_64_TO_32_BIT_CONVERSION = YES;
				GCC_WARN_ABOUT_RETURN_TYPE = YES_ERROR;
				GCC_WARN_UNDECLARED_SELECTOR = YES;
				GCC_WARN_UNINITIALIZED_AUTOS = YES_AGGRESSIVE;
				GCC_WARN_UNUSED_FUNCTION = YES;
				GCC_WARN_UNUSED_VARIABLE = YES;
				IPHONEOS_DEPLOYMENT_TARGET = 12.1;
				MTL_ENABLE_DEBUG_INFO = INCLUDE_SOURCE;
				MTL_FAST_MATH = YES;
				ONLY_ACTIVE_ARCH = YES;
				SDKROOT = iphoneos;
				SWIFT_ACTIVE_COMPILATION_CONDITIONS = DEBUG;
				SWIFT_OPTIMIZATION_LEVEL = "-Onone";
			};
			name = Debug;
		};
		53B7D981219DE08500596DFD /* Release */ = {
			isa = XCBuildConfiguration;
			buildSettings = {
				ALWAYS_SEARCH_USER_PATHS = NO;
				CLANG_ANALYZER_LOCALIZABILITY_NONLOCALIZED = YES;
				CLANG_ANALYZER_NONNULL = YES;
				CLANG_ANALYZER_NUMBER_OBJECT_CONVERSION = YES_AGGRESSIVE;
				CLANG_CXX_LANGUAGE_STANDARD = "gnu++14";
				CLANG_CXX_LIBRARY = "libc++";
				CLANG_ENABLE_MODULES = YES;
				CLANG_ENABLE_OBJC_ARC = YES;
				CLANG_ENABLE_OBJC_WEAK = YES;
				CLANG_WARN_BLOCK_CAPTURE_AUTORELEASING = YES;
				CLANG_WARN_BOOL_CONVERSION = YES;
				CLANG_WARN_COMMA = YES;
				CLANG_WARN_CONSTANT_CONVERSION = YES;
				CLANG_WARN_DEPRECATED_OBJC_IMPLEMENTATIONS = YES;
				CLANG_WARN_DIRECT_OBJC_ISA_USAGE = YES_ERROR;
				CLANG_WARN_DOCUMENTATION_COMMENTS = YES;
				CLANG_WARN_EMPTY_BODY = YES;
				CLANG_WARN_ENUM_CONVERSION = YES;
				CLANG_WARN_INFINITE_RECURSION = YES;
				CLANG_WARN_INT_CONVERSION = YES;
				CLANG_WARN_NON_LITERAL_NULL_CONVERSION = YES;
				CLANG_WARN_OBJC_IMPLICIT_RETAIN_SELF = YES;
				CLANG_WARN_OBJC_LITERAL_CONVERSION = YES;
				CLANG_WARN_OBJC_ROOT_CLASS = YES_ERROR;
				CLANG_WARN_RANGE_LOOP_ANALYSIS = YES;
				CLANG_WARN_STRICT_PROTOTYPES = YES;
				CLANG_WARN_SUSPICIOUS_MOVE = YES;
				CLANG_WARN_UNGUARDED_AVAILABILITY = YES_AGGRESSIVE;
				CLANG_WARN_UNREACHABLE_CODE = YES;
				CLANG_WARN__DUPLICATE_METHOD_MATCH = YES;
				CODE_SIGN_IDENTITY = "iPhone Developer";
				COPY_PHASE_STRIP = NO;
				DEBUG_INFORMATION_FORMAT = "dwarf-with-dsym";
				ENABLE_NS_ASSERTIONS = NO;
				ENABLE_STRICT_OBJC_MSGSEND = YES;
				GCC_C_LANGUAGE_STANDARD = gnu11;
				GCC_NO_COMMON_BLOCKS = YES;
				GCC_WARN_64_TO_32_BIT_CONVERSION = YES;
				GCC_WARN_ABOUT_RETURN_TYPE = YES_ERROR;
				GCC_WARN_UNDECLARED_SELECTOR = YES;
				GCC_WARN_UNINITIALIZED_AUTOS = YES_AGGRESSIVE;
				GCC_WARN_UNUSED_FUNCTION = YES;
				GCC_WARN_UNUSED_VARIABLE = YES;
				IPHONEOS_DEPLOYMENT_TARGET = 12.1;
				MTL_ENABLE_DEBUG_INFO = NO;
				MTL_FAST_MATH = YES;
				SDKROOT = iphoneos;
				SWIFT_COMPILATION_MODE = wholemodule;
				SWIFT_OPTIMIZATION_LEVEL = "-O";
				VALIDATE_PRODUCT = YES;
			};
			name = Release;
		};
		53B7D983219DE08500596DFD /* Debug */ = {
			isa = XCBuildConfiguration;
			baseConfigurationReference = 6786D6E9D06DC2DA1F35A8D0 /* Pods-favorite-movies.debug.xcconfig */;
			buildSettings = {
				ASSETCATALOG_COMPILER_APPICON_NAME = AppIcon;
				CODE_SIGN_STYLE = Automatic;
				DEVELOPMENT_TEAM = L9CMSL6QFV;
				INFOPLIST_FILE = "favorite-movies/Info.plist";
				LD_RUNPATH_SEARCH_PATHS = (
					"$(inherited)",
					"@executable_path/Frameworks",
				);
				PRODUCT_BUNDLE_IDENTIFIER = "com.liuvasconcelos.favorite-movies";
				PRODUCT_NAME = "$(TARGET_NAME)";
				SWIFT_VERSION = 4.2;
				TARGETED_DEVICE_FAMILY = "1,2";
			};
			name = Debug;
		};
		53B7D984219DE08500596DFD /* Release */ = {
			isa = XCBuildConfiguration;
			baseConfigurationReference = 6FFCD6D20815AD781DDB4F2B /* Pods-favorite-movies.release.xcconfig */;
			buildSettings = {
				ASSETCATALOG_COMPILER_APPICON_NAME = AppIcon;
				CODE_SIGN_STYLE = Automatic;
				DEVELOPMENT_TEAM = L9CMSL6QFV;
				INFOPLIST_FILE = "favorite-movies/Info.plist";
				LD_RUNPATH_SEARCH_PATHS = (
					"$(inherited)",
					"@executable_path/Frameworks",
				);
				PRODUCT_BUNDLE_IDENTIFIER = "com.liuvasconcelos.favorite-movies";
				PRODUCT_NAME = "$(TARGET_NAME)";
				SWIFT_VERSION = 4.2;
				TARGETED_DEVICE_FAMILY = "1,2";
			};
			name = Release;
		};
		53B7D986219DE08500596DFD /* Debug */ = {
			isa = XCBuildConfiguration;
			baseConfigurationReference = 4051A18B782C5B5105056F88 /* Pods-favorite-moviesTests.debug.xcconfig */;
			buildSettings = {
				ALWAYS_EMBED_SWIFT_STANDARD_LIBRARIES = YES;
				BUNDLE_LOADER = "$(TEST_HOST)";
				CODE_SIGN_STYLE = Automatic;
				DEVELOPMENT_TEAM = L9CMSL6QFV;
				INFOPLIST_FILE = "favorite-moviesTests/Info.plist";
				LD_RUNPATH_SEARCH_PATHS = (
					"$(inherited)",
					"@executable_path/Frameworks",
					"@loader_path/Frameworks",
				);
				PRODUCT_BUNDLE_IDENTIFIER = "com.liuvasconcelos.favorite-moviesTests";
				PRODUCT_NAME = "$(TARGET_NAME)";
				SWIFT_VERSION = 4.2;
				TARGETED_DEVICE_FAMILY = "1,2";
				TEST_HOST = "$(BUILT_PRODUCTS_DIR)/favorite-movies.app/favorite-movies";
			};
			name = Debug;
		};
		53B7D987219DE08500596DFD /* Release */ = {
			isa = XCBuildConfiguration;
			baseConfigurationReference = 04E2E1E25E26CA3D2ED9F538 /* Pods-favorite-moviesTests.release.xcconfig */;
			buildSettings = {
				ALWAYS_EMBED_SWIFT_STANDARD_LIBRARIES = YES;
				BUNDLE_LOADER = "$(TEST_HOST)";
				CODE_SIGN_STYLE = Automatic;
				DEVELOPMENT_TEAM = L9CMSL6QFV;
				INFOPLIST_FILE = "favorite-moviesTests/Info.plist";
				LD_RUNPATH_SEARCH_PATHS = (
					"$(inherited)",
					"@executable_path/Frameworks",
					"@loader_path/Frameworks",
				);
				PRODUCT_BUNDLE_IDENTIFIER = "com.liuvasconcelos.favorite-moviesTests";
				PRODUCT_NAME = "$(TARGET_NAME)";
				SWIFT_VERSION = 4.2;
				TARGETED_DEVICE_FAMILY = "1,2";
				TEST_HOST = "$(BUILT_PRODUCTS_DIR)/favorite-movies.app/favorite-movies";
			};
			name = Release;
		};
		53B7D989219DE08500596DFD /* Debug */ = {
			isa = XCBuildConfiguration;
			baseConfigurationReference = 0157D28EA6E468E54CD2C55A /* Pods-favorite-moviesUITests.debug.xcconfig */;
			buildSettings = {
				ALWAYS_EMBED_SWIFT_STANDARD_LIBRARIES = YES;
				CODE_SIGN_STYLE = Automatic;
				DEVELOPMENT_TEAM = L9CMSL6QFV;
				INFOPLIST_FILE = "favorite-moviesUITests/Info.plist";
				LD_RUNPATH_SEARCH_PATHS = (
					"$(inherited)",
					"@executable_path/Frameworks",
					"@loader_path/Frameworks",
				);
				PRODUCT_BUNDLE_IDENTIFIER = "com.liuvasconcelos.favorite-moviesUITests";
				PRODUCT_NAME = "$(TARGET_NAME)";
				SWIFT_VERSION = 4.2;
				TARGETED_DEVICE_FAMILY = "1,2";
				TEST_TARGET_NAME = "favorite-movies";
			};
			name = Debug;
		};
		53B7D98A219DE08500596DFD /* Release */ = {
			isa = XCBuildConfiguration;
			baseConfigurationReference = 10BDBA074834E6A6E14C9680 /* Pods-favorite-moviesUITests.release.xcconfig */;
			buildSettings = {
				ALWAYS_EMBED_SWIFT_STANDARD_LIBRARIES = YES;
				CODE_SIGN_STYLE = Automatic;
				DEVELOPMENT_TEAM = L9CMSL6QFV;
				INFOPLIST_FILE = "favorite-moviesUITests/Info.plist";
				LD_RUNPATH_SEARCH_PATHS = (
					"$(inherited)",
					"@executable_path/Frameworks",
					"@loader_path/Frameworks",
				);
				PRODUCT_BUNDLE_IDENTIFIER = "com.liuvasconcelos.favorite-moviesUITests";
				PRODUCT_NAME = "$(TARGET_NAME)";
				SWIFT_VERSION = 4.2;
				TARGETED_DEVICE_FAMILY = "1,2";
				TEST_TARGET_NAME = "favorite-movies";
			};
			name = Release;
		};
/* End XCBuildConfiguration section */

/* Begin XCConfigurationList section */
		53B7D955219DE08400596DFD /* Build configuration list for PBXProject "favorite-movies" */ = {
			isa = XCConfigurationList;
			buildConfigurations = (
				53B7D980219DE08500596DFD /* Debug */,
				53B7D981219DE08500596DFD /* Release */,
			);
			defaultConfigurationIsVisible = 0;
			defaultConfigurationName = Release;
		};
		53B7D982219DE08500596DFD /* Build configuration list for PBXNativeTarget "favorite-movies" */ = {
			isa = XCConfigurationList;
			buildConfigurations = (
				53B7D983219DE08500596DFD /* Debug */,
				53B7D984219DE08500596DFD /* Release */,
			);
			defaultConfigurationIsVisible = 0;
			defaultConfigurationName = Release;
		};
		53B7D985219DE08500596DFD /* Build configuration list for PBXNativeTarget "favorite-moviesTests" */ = {
			isa = XCConfigurationList;
			buildConfigurations = (
				53B7D986219DE08500596DFD /* Debug */,
				53B7D987219DE08500596DFD /* Release */,
			);
			defaultConfigurationIsVisible = 0;
			defaultConfigurationName = Release;
		};
		53B7D988219DE08500596DFD /* Build configuration list for PBXNativeTarget "favorite-moviesUITests" */ = {
			isa = XCConfigurationList;
			buildConfigurations = (
				53B7D989219DE08500596DFD /* Debug */,
				53B7D98A219DE08500596DFD /* Release */,
			);
			defaultConfigurationIsVisible = 0;
			defaultConfigurationName = Release;
		};
/* End XCConfigurationList section */
	};
	rootObject = 53B7D952219DE08400596DFD /* Project object */;
}
